dependencies:
- name: oauth2-proxy
  repository: https://oauth2-proxy.github.io/manifests
  version: 10.7.1
- name: pocket-id
  repository: https://anza-labs.github.io/charts
  version: 2.2.2
- name: ntfy
  repository: oci://codeberg.org/wrenix/helm-charts
  version: 0.5.22
digest: sha256:43a8552939d5af9dc0eb85163a9e512df7bc9acc7c63cbc9c0bdfa3c993d173f
generated: "2026-10-09T01:45:22.37890674+01:00"
